
Microsoft Visual Studio Solution File, Format Version 12.00
# Visual Studio 14
VisualStudioVersion = 14.0.25420.1
MinimumVisualStudioVersion = 10.0.40219.1
Project("{FAE04EC0-301F-11D3-BF4B-00C04F79EFBC}") = "EmergencyClient", "EmergencyClient\EmergencyClient.csproj", "{FDB82BFF-E949-48C2-A5E1-8F234B1EFCCB}"
EndProject
Global
	GlobalSection(SolutionConfigurationPlatforms) = preSolution
		Debug|Any CPU = Debug|Any CPU
		Release|Any CPU = Release|Any CPU
	EndGlobalSection
	GlobalSection(ProjectConfigurationPlatforms) = postSolution
		{FDB82BFF-E949-48C2-A5E1-8F234B1EFCCB}.Debug|Any CPU.ActiveCfg = Debug|Any CPU
		{FDB82BFF-E949-48C2-A5E1-8F234B1EFCCB}.Debug|Any CPU.Build.0 = Debug|Any CPU
		{FDB82BFF-E949-48C2-A5E1-8F234B1EFCCB}.Release|Any CPU.ActiveCfg = Release|Any CPU
		{FDB82BFF-E949-48C2-A5E1-8F234B1EFCCB}.Release|Any CPU.Build.0 = Release|Any CPU
	EndGlobalSection
	GlobalSection(SolutionProperties) = preSolution
		HideSolutionNode = FALSE
	EndGlobalSection
EndGlobal
